
Microsoft Visual Studio Solution File, Format Version 12.00
# Visual Studio 2013
VisualStudioVersion = 12.0.30501.0
MinimumVisualStudioVersion = 10.0.40219.1
Project("{2150E333-8FDC-42A3-9474-1A3956D46DE8}") = "Solution Items", "Solution Items", "{7AFFE6DE-01B1-47F1-9C1D-0B8BB4575EF9}"
	ProjectSection(SolutionItems) = preProject
		PROBLEM TEMPLATE.txt = PROBLEM TEMPLATE.txt
		SOLUTION TEMPLATE C#.txt = SOLUTION TEMPLATE C#.txt
		SOLUTION TEMPLATE F#.txt = SOLUTION TEMPLATE F#.txt
		SolutionInfo.cs = SolutionInfo.cs
	EndProjectSection
EndProject
Project("{FAE04EC0-301F-11D3-BF4B-00C04F79EFBC}") = "CSharpSolutions", "CSharpSolutions\CSharpSolutions.csproj", "{92011987-4854-43F6-956A-5EDF82E105BE}"
EndProject
Project("{F2A71F9B-5D33-465A-A702-920D77279786}") = "FSharpSolutions", "FSharpSolutions\FSharpSolutions.fsproj", "{46164EE7-18D7-4288-9D2A-7B2D7F56AB8A}"
EndProject
Project("{FAE04EC0-301F-11D3-BF4B-00C04F79EFBC}") = "Core", "Core\Core.csproj", "{D66F8574-7D16-4CBA-934C-723BC219A676}"
EndProject
Project("{FAE04EC0-301F-11D3-BF4B-00C04F79EFBC}") = "ProjectEuler", "Application\ProjectEuler.csproj", "{75C190EC-B9CA-463E-AB28-66BE88AD8B1F}"
EndProject
Global
	GlobalSection(SolutionConfigurationPlatforms) = preSolution
		Debug|Any CPU = Debug|Any CPU
		Release|Any CPU = Release|Any CPU
	EndGlobalSection
	GlobalSection(ProjectConfigurationPlatforms) = postSolution
		{92011987-4854-43F6-956A-5EDF82E105BE}.Debug|Any CPU.ActiveCfg = Debug|Any CPU
		{92011987-4854-43F6-956A-5EDF82E105BE}.Debug|Any CPU.Build.0 = Debug|Any CPU
		{92011987-4854-43F6-956A-5EDF82E105BE}.Release|Any CPU.ActiveCfg = Release|Any CPU
		{92011987-4854-43F6-956A-5EDF82E105BE}.Release|Any CPU.Build.0 = Release|Any CPU
		{46164EE7-18D7-4288-9D2A-7B2D7F56AB8A}.Debug|Any CPU.ActiveCfg = Debug|Any CPU
		{46164EE7-18D7-4288-9D2A-7B2D7F56AB8A}.Debug|Any CPU.Build.0 = Debug|Any CPU
		{46164EE7-18D7-4288-9D2A-7B2D7F56AB8A}.Release|Any CPU.ActiveCfg = Release|Any CPU
		{46164EE7-18D7-4288-9D2A-7B2D7F56AB8A}.Release|Any CPU.Build.0 = Release|Any CPU
		{D66F8574-7D16-4CBA-934C-723BC219A676}.Debug|Any CPU.ActiveCfg = Debug|Any CPU
		{D66F8574-7D16-4CBA-934C-723BC219A676}.Debug|Any CPU.Build.0 = Debug|Any CPU
		{D66F8574-7D16-4CBA-934C-723BC219A676}.Release|Any CPU.ActiveCfg = Release|Any CPU
		{D66F8574-7D16-4CBA-934C-723BC219A676}.Release|Any CPU.Build.0 = Release|Any CPU
		{75C190EC-B9CA-463E-AB28-66BE88AD8B1F}.Debug|Any CPU.ActiveCfg = Debug|Any CPU
		{75C190EC-B9CA-463E-AB28-66BE88AD8B1F}.Debug|Any CPU.Build.0 = Debug|Any CPU
		{75C190EC-B9CA-463E-AB28-66BE88AD8B1F}.Release|Any CPU.ActiveCfg = Release|Any CPU
		{75C190EC-B9CA-463E-AB28-66BE88AD8B1F}.Release|Any CPU.Build.0 = Release|Any CPU
	EndGlobalSection
	GlobalSection(SolutionProperties) = preSolution
		HideSolutionNode = FALSE
	EndGlobalSection
	GlobalSection(ExtensibilityGlobals) = postSolution
		SolutionGuid = c7fe50a3-5efc-428f-9440-23056b46c44b
	EndGlobalSection
EndGlobal
